<?xml version="1.0" encoding="utf-8"?>
<Project ToolsVersion="4.0" xmlns="http://schemas.microsoft.com/developer/msbuild/2003">
  <ItemGroup>
    <ClCompile Include="Main.cpp" />
    <ClCompile Include="IMGUI\imgui.cpp">
      <Filter>IMGUI</Filter>
    </ClCompile>
    <ClCompile Include="IMGUI\imgui_demo.cpp">
      <Filter>IMGUI</Filter>
    </ClCompile>
    <ClCompile Include="IMGUI\imgui_draw.cpp">
      <Filter>IMGUI</Filter>
    </ClCompile>
    <ClCompile Include="imgui_impl_sdl_gl3.cpp">
      <Filter>IMGUI</Filter>
    </ClCompile>
  </ItemGroup>
  <ItemGroup>
    <ClInclude Include="IMGUI\imconfig.h">
      <Filter>IMGUI</Filter>
    </ClInclude>
    <ClInclude Include="IMGUI\imgui.h">
      <Filter>IMGUI</Filter>
    </ClInclude>
    <ClInclude Include="imgui_impl_sdl_gl3.h">
      <Filter>IMGUI</Filter>
    </ClInclude>
    <ClInclude Include="IMGUI\imgui_internal.h">
      <Filter>IMGUI</Filter>
    </ClInclude>
    <ClInclude Include="IMGUI\stb_rect_pack.h">
      <Filter>IMGUI</Filter>
    </ClInclude>
    <ClInclude Include="IMGUI\stb_textedit.h">
      <Filter>IMGUI</Filter>
    </ClInclude>
    <ClInclude Include="IMGUI\stb_truetype.h">
      <Filter>IMGUI</Filter>
    </ClInclude>
  </ItemGroup>
  <ItemGroup>
    <Filter Include="IMGUI">
      <UniqueIdentifier>{df39a58f-255f-4209-accf-14799f6b9dc9}</UniqueIdentifier>
    </Filter>
    <Filter Include="Shaders">
      <UniqueIdentifier>{41a2f011-733f-4728-a088-0fab31d9018a}</UniqueIdentifier>
    </Filter>
  </ItemGroup>
  <ItemGroup>
    <None Include="imgui.ini">
      <Filter>IMGUI</Filter>
    </None>
    <None Include="res\shaders\Basic.shader">
      <Filter>Shaders</Filter>
    </None>
  </ItemGroup>
</Project>