<?xml version="1.0" encoding="utf-8"?>
<Project ToolsVersion="4.0" xmlns="http://schemas.microsoft.com/developer/msbuild/2003">
  <ItemGroup>
    <ClCompile Include="Main.cpp" />
    <ClCompile Include="IMGUI\imgui.cpp">
      <Filter>Rendering\IMGUI</Filter>
    </ClCompile>
    <ClCompile Include="IMGUI\imgui_demo.cpp">
      <Filter>Rendering\IMGUI</Filter>
    </ClCompile>
    <ClCompile Include="IMGUI\imgui_draw.cpp">
      <Filter>Rendering\IMGUI</Filter>
    </ClCompile>
    <ClCompile Include="imgui_impl_sdl_gl3.cpp">
      <Filter>Rendering\IMGUI</Filter>
    </ClCompile>
    <ClCompile Include="stb_image_impl.cpp">
      <Filter>Rendering\Textures</Filter>
    </ClCompile>
    <ClCompile Include="Input.cpp">
      <Filter>Input</Filter>
    </ClCompile>
  </ItemGroup>
  <ItemGroup>
    <ClInclude Include="IMGUI\imconfig.h">
      <Filter>Rendering\IMGUI</Filter>
    </ClInclude>
    <ClInclude Include="IMGUI\imgui.h">
      <Filter>Rendering\IMGUI</Filter>
    </ClInclude>
    <ClInclude Include="imgui_impl_sdl_gl3.h">
      <Filter>Rendering\IMGUI</Filter>
    </ClInclude>
    <ClInclude Include="IMGUI\imgui_internal.h">
      <Filter>Rendering\IMGUI</Filter>
    </ClInclude>
    <ClInclude Include="IMGUI\stb_rect_pack.h">
      <Filter>Rendering\IMGUI</Filter>
    </ClInclude>
    <ClInclude Include="IMGUI\stb_textedit.h">
      <Filter>Rendering\IMGUI</Filter>
    </ClInclude>
    <ClInclude Include="IMGUI\stb_truetype.h">
      <Filter>Rendering\IMGUI</Filter>
    </ClInclude>
    <ClInclude Include="Shader.h">
      <Filter>Rendering\Shaders</Filter>
    </ClInclude>
    <ClInclude Include="stb_image.h">
      <Filter>Rendering\Textures</Filter>
    </ClInclude>
    <ClInclude Include="Texture.h">
      <Filter>Rendering\Textures</Filter>
    </ClInclude>
    <ClInclude Include="Scene.h">
      <Filter>Rendering</Filter>
    </ClInclude>
    <ClInclude Include="Window.h">
      <Filter>Rendering</Filter>
    </ClInclude>
    <ClInclude Include="VertexBuffer.h">
      <Filter>Rendering\Buffers</Filter>
    </ClInclude>
    <ClInclude Include="VertexBufferLayout.h">
      <Filter>Rendering\Buffers</Filter>
    </ClInclude>
    <ClInclude Include="VertexArray.h">
      <Filter>Rendering\Buffers</Filter>
    </ClInclude>
    <ClInclude Include="Debug.h">
      <Filter>Rendering\Debug</Filter>
    </ClInclude>
    <ClInclude Include="Input.h">
      <Filter>Input</Filter>
    </ClInclude>
    <ClInclude Include="InputData.h">
      <Filter>Input</Filter>
    </ClInclude>
    <ClInclude Include="MouseData.h">
      <Filter>Input</Filter>
    </ClInclude>
    <ClInclude Include="Camera.h">
      <Filter>Rendering\Camera</Filter>
    </ClInclude>
  </ItemGroup>
  <ItemGroup>
    <Filter Include="Rendering">
      <UniqueIdentifier>{b35dbf9c-2ba7-4ba9-9de3-1c87d92a63b8}</UniqueIdentifier>
    </Filter>
    <Filter Include="Rendering\Shaders">
      <UniqueIdentifier>{41a2f011-733f-4728-a088-0fab31d9018a}</UniqueIdentifier>
    </Filter>
    <Filter Include="Rendering\Shaders\res">
      <UniqueIdentifier>{23a95492-2667-470a-8281-39e6a7ab3c66}</UniqueIdentifier>
    </Filter>
    <Filter Include="Rendering\Textures">
      <UniqueIdentifier>{d78254ba-3506-4666-bbca-2557452e0f92}</UniqueIdentifier>
    </Filter>
    <Filter Include="Rendering\Textures\res">
      <UniqueIdentifier>{2123b96e-114e-423b-ba91-05db7756418a}</UniqueIdentifier>
    </Filter>
    <Filter Include="Rendering\IMGUI">
      <UniqueIdentifier>{df39a58f-255f-4209-accf-14799f6b9dc9}</UniqueIdentifier>
    </Filter>
    <Filter Include="Rendering\Buffers">
      <UniqueIdentifier>{ac844f00-e7bf-4815-b6fb-1af56c99b309}</UniqueIdentifier>
    </Filter>
    <Filter Include="Rendering\Debug">
      <UniqueIdentifier>{2550f0b0-d2b3-4770-9ee8-f99dd68a7b51}</UniqueIdentifier>
    </Filter>
    <Filter Include="Input">
      <UniqueIdentifier>{f34af54e-497e-4c2f-9128-fd890f86b0b6}</UniqueIdentifier>
    </Filter>
    <Filter Include="Rendering\Camera">
      <UniqueIdentifier>{7bd9242a-7e1f-4bde-b2df-24b08963bb05}</UniqueIdentifier>
    </Filter>
  </ItemGroup>
  <ItemGroup>
    <None Include="imgui.ini">
      <Filter>Rendering\IMGUI</Filter>
    </None>
    <None Include="res\shaders\shader.fs">
      <Filter>Rendering\Shaders\res</Filter>
    </None>
    <None Include="res\shaders\shader.vs">
      <Filter>Rendering\Shaders\res</Filter>
    </None>
  </ItemGroup>
  <ItemGroup>
    <Image Include="res\textures\test1.png">
      <Filter>Rendering\Textures\res</Filter>
    </Image>
    <Image Include="res\textures\test2.png">
      <Filter>Rendering\Textures\res</Filter>
    </Image>
  </ItemGroup>
</Project>